// !$*UTF8*$!
{
	archiveVersion = 1;
	classes = {
	};
	objectVersion = 48;
	objects = {

/* Begin PBXBuildFile section */
		FACB13FA206CFBF30016A0A9 /* AppDelegate.swift in Sources */ = {isa = PBXBuildFile; fileRef = FACB13F9206CFBF30016A0A9 /* AppDelegate.swift */; };
		FACB13FC206CFBF30016A0A9 /* ViewController.swift in Sources */ = {isa = PBXBuildFile; fileRef = FACB13FB206CFBF30016A0A9 /* ViewController.swift */; };
		FACB13FF206CFBF30016A0A9 /* Main.storyboard in Resources */ = {isa = PBXBuildFile; fileRef = FACB13FD206CFBF30016A0A9 /* Main.storyboard */; };
		FACB1401206CFBF30016A0A9 /* Assets.xcassets in Resources */ = {isa = PBXBuildFile; fileRef = FACB1400206CFBF30016A0A9 /* Assets.xcassets */; };
		FACB1404206CFBF30016A0A9 /* LaunchScreen.storyboard in Resources */ = {isa = PBXBuildFile; fileRef = FACB1402206CFBF30016A0A9 /* LaunchScreen.storyboard */; };
		FACB140C207092540016A0A9 /* DiscoverViewController.swift in Sources */ = {isa = PBXBuildFile; fileRef = FACB140B207092540016A0A9 /* DiscoverViewController.swift */; };
/* End PBXBuildFile section */

/* Begin PBXFileReference section */
		FACB13F6206CFBF30016A0A9 /* IOS-Swift-CoreMotionAccelerometer.app */ = {isa = PBXFileReference; explicitFileType = wrapper.application; includeInIndex = 0; path = "IOS-Swift-CoreMotionAccelerometer.app"; sourceTree = BUILT_PRODUCTS_DIR; };
		FACB13F9206CFBF30016A0A9 /* AppDelegate.swift */ = {isa = PBXFileReference; lastKnownFileType = sourcecode.swift; path = AppDelegate.swift; sourceTree = "<group>"; };
		FACB13FB206CFBF30016A0A9 /* ViewController.swift */ = {isa = PBXFileReference; lastKnownFileType = sourcecode.swift; path = ViewController.swift; sourceTree = "<group>"; };
		FACB13FE206CFBF30016A0A9 /* Base */ = {isa = PBXFileReference; lastKnownFileType = file.storyboard; name = Base; path = Base.lproj/Main.storyboard; sourceTree = "<group>"; };
		FACB1400206CFBF30016A0A9 /* Assets.xcassets */ = {isa = PBXFileReference; lastKnownFileType = folder.assetcatalog; path = Assets.xcassets; sourceTree = "<group>"; };
		FACB1403206CFBF30016A0A9 /* Base */ = {isa = PBXFileReference; lastKnownFileType = file.storyboard; name = Base; path = Base.lproj/LaunchScreen.storyboard; sourceTree = "<group>"; };
		FACB1405206CFBF30016A0A9 /* Info.plist */ = {isa = PBXFileReference; lastKnownFileType = text.plist.xml; path = Info.plist; sourceTree = "<group>"; };
		FACB140B207092540016A0A9 /* DiscoverViewController.swift */ = {isa = PBXFileReference; lastKnownFileType = sourcecode.swift; path = DiscoverViewController.swift; sourceTree = "<group>"; };
/* End PBXFileReference section */

/* Begin PBXFrameworksBuildPhase section */
		FACB13F3206CFBF30016A0A9 /* Frameworks */ = {
			isa = PBXFrameworksBuildPhase;
			buildActionMask = 2147483647;
			files = (
			);
			runOnlyForDeploymentPostprocessing = 0;
		};
/* End PBXFrameworksBuildPhase section */

/* Begin PBXGroup section */
		FACB13ED206CFBF30016A0A9 = {
			isa = PBXGroup;
			children = (
				FACB13F8206CFBF30016A0A9 /* IOS-Swift-CoreMotionAccelerometer */,
				FACB13F7206CFBF30016A0A9 /* Products */,
			);
			sourceTree = "<group>";
		};
		FACB13F7206CFBF30016A0A9 /* Products */ = {
			isa = PBXGroup;
			children = (
				FACB13F6206CFBF30016A0A9 /* IOS-Swift-CoreMotionAccelerometer.app */,
			);
			name = Products;
			sourceTree = "<group>";
		};
		FACB13F8206CFBF30016A0A9 /* IOS-Swift-CoreMotionAccelerometer */ = {
			isa = PBXGroup;
			children = (
				FACB13F9206CFBF30016A0A9 /* AppDelegate.swift */,
				FACB13FB206CFBF30016A0A9 /* ViewController.swift */,
				FACB13FD206CFBF30016A0A9 /* Main.storyboard */,
				FACB1400206CFBF30016A0A9 /* Assets.xcassets */,
				FACB1402206CFBF30016A0A9 /* LaunchScreen.storyboard */,
				FACB1405206CFBF30016A0A9 /* Info.plist */,
				FACB140B207092540016A0A9 /* DiscoverViewController.swift */,
			);
			path = "IOS-Swift-CoreMotionAccelerometer";
			sourceTree = "<group>";
		};
/* End PBXGroup section */

/* Begin PBXNativeTarget section */
		FACB13F5206CFBF30016A0A9 /* IOS-Swift-CoreMotionAccelerometer */ = {
			isa = PBXNativeTarget;
			buildConfigurationList = FACB1408206CFBF30016A0A9 /* Build configuration list for PBXNativeTarget "IOS-Swift-CoreMotionAccelerometer" */;
			buildPhases = (
				FACB13F2206CFBF30016A0A9 /* Sources */,
				FACB13F3206CFBF30016A0A9 /* Frameworks */,
				FACB13F4206CFBF30016A0A9 /* Resources */,
			);
			buildRules = (
			);
			dependencies = (
			);
			name = "IOS-Swift-CoreMotionAccelerometer";
			productName = "IOS-Swift-CoreMotionAccelerometer";
			productReference = FACB13F6206CFBF30016A0A9 /* IOS-Swift-CoreMotionAccelerometer.app */;
			productType = "com.apple.product-type.application";
		};
/* End PBXNativeTarget section */

/* Begin PBXProject section */
		FACB13EE206CFBF30016A0A9 /* Project object */ = {
			isa = PBXProject;
			attributes = {
				LastSwiftUpdateCheck = 0900;
				LastUpgradeCheck = 0900;
				ORGANIZATIONNAME = "Pooya Hatami";
				TargetAttributes = {
					FACB13F5206CFBF30016A0A9 = {
						CreatedOnToolsVersion = 9.0;
						ProvisioningStyle = Automatic;
					};
				};
			};
			buildConfigurationList = FACB13F1206CFBF30016A0A9 /* Build configuration list for PBXProject "IOS-Swift-CoreMotionAccelerometer" */;
			compatibilityVersion = "Xcode 8.0";
			developmentRegion = en;
			hasScannedForEncodings = 0;
			knownRegions = (
				en,
				Base,
			);
			mainGroup = FACB13ED206CFBF30016A0A9;
			productRefGroup = FACB13F7206CFBF30016A0A9 /* Products */;
			projectDirPath = "";
			projectRoot = "";
			targets = (
				FACB13F5206CFBF30016A0A9 /* IOS-Swift-CoreMotionAccelerometer */,
			);
		};
/* End PBXProject section */

/* Begin PBXResourcesBuildPhase section */
		FACB13F4206CFBF30016A0A9 /* Resources */ = {
			isa = PBXResourcesBuildPhase;
			buildActionMask = 2147483647;
			files = (
				FACB1404206CFBF30016A0A9 /* LaunchScreen.storyboard in Resources */,
				FACB1401206CFBF30016A0A9 /* Assets.xcassets in Resources */,
				FACB13FF206CFBF30016A0A9 /* Main.storyboard in Resources */,
			);
			runOnlyForDeploymentPostprocessing = 0;
		};
/* End PBXResourcesBuildPhase section */

/* Begin PBXSourcesBuildPhase section */
		FACB13F2206CFBF30016A0A9 /* Sources */ = {
			isa = PBXSourcesBuildPhase;
			buildActionMask = 2147483647;
			files = (
				FACB140C207092540016A0A9 /* DiscoverViewController.swift in Sources */,
				FACB13FC206CFBF30016A0A9 /* ViewController.swift in Sources */,
				FACB13FA206CFBF30016A0A9 /* AppDelegate.swift in Sources */,
			);
			runOnlyForDeploymentPostprocessing = 0;
		};
/* End PBXSourcesBuildPhase section */

/* Begin PBXVariantGroup section */
		FACB13FD206CFBF30016A0A9 /* Main.storyboard */ = {
			isa = PBXVariantGroup;
			children = (
				FACB13FE206CFBF30016A0A9 /* Base */,
			);
			name = Main.storyboard;
			sourceTree = "<group>";
		};
		FACB1402206CFBF30016A0A9 /* LaunchScreen.storyboard */ = {
			isa = PBXVariantGroup;
			children = (
				FACB1403206CFBF30016A0A9 /* Base */,
			);
			name = LaunchScreen.storyboard;
			sourceTree = "<group>";
		};
/* End PBXVariantGroup section */

/* Begin XCBuildConfiguration section */
		FACB1406206CFBF30016A0A9 /* Debug */ = {
			isa = XCBuildConfiguration;
			buildSettings = {
				ALWAYS_SEARCH_USER_PATHS = NO;
				CLANG_ANALYZER_NONNULL = YES;
				CLANG_ANALYZER_NUMBER_OBJECT_CONVERSION = YES_AGGRESSIVE;
				CLANG_CXX_LANGUAGE_STANDARD = "gnu++14";
				CLANG_CXX_LIBRARY = "libc++";
				CLANG_ENABLE_MODULES = YES;
				CLANG_ENABLE_OBJC_ARC = YES;
				CLANG_WARN_BLOCK_CAPTURE_AUTORELEASING = YES;
				CLANG_WARN_BOOL_CONVERSION = YES;
				CLANG_WARN_COMMA = YES;
				CLANG_WARN_CONSTANT_CONVERSION = YES;
				CLANG_WARN_DIRECT_OBJC_ISA_USAGE = YES_ERROR;
				CLANG_WARN_DOCUMENTATION_COMMENTS = YES;
				CLANG_WARN_EMPTY_BODY = YES;
				CLANG_WARN_ENUM_CONVERSION = YES;
				CLANG_WARN_INFINITE_RECURSION = YES;
				CLANG_WARN_INT_CONVERSION = YES;
				CLANG_WARN_NON_LITERAL_NULL_CONVERSION = YES;
				CLANG_WARN_OBJC_LITERAL_CONVERSION = YES;
				CLANG_WARN_OBJC_ROOT_CLASS = YES_ERROR;
				CLANG_WARN_RANGE_LOOP_ANALYSIS = YES;
				CLANG_WARN_STRICT_PROTOTYPES = YES;
				CLANG_WARN_SUSPICIOUS_MOVE = YES;
				CLANG_WARN_UNGUARDED_AVAILABILITY = YES_AGGRESSIVE;
				CLANG_WARN_UNREACHABLE_CODE = YES;
				CLANG_WARN__DUPLICATE_METHOD_MATCH = YES;
				CODE_SIGN_IDENTITY = "iPhone Developer";
				COPY_PHASE_STRIP = NO;
				DEBUG_INFORMATION_FORMAT = dwarf;
				ENABLE_STRICT_OBJC_MSGSEND = YES;
				ENABLE_TESTABILITY = YES;
				GCC_C_LANGUAGE_STANDARD = gnu11;
				GCC_DYNAMIC_NO_PIC = NO;
				GCC_NO_COMMON_BLOCKS = YES;
				GCC_OPTIMIZATION_LEVEL = 0;
				GCC_PREPROCESSOR_DEFINITIONS = (
					"DEBUG=1",
					"$(inherited)",
				);
				GCC_WARN_64_TO_32_BIT_CONVERSION = YES;
				GCC_WARN_ABOUT_RETURN_TYPE = YES_ERROR;
				GCC_WARN_UNDECLARED_SELECTOR = YES;
				GCC_WARN_UNINITIALIZED_AUTOS = YES_AGGRESSIVE;
				GCC_WARN_UNUSED_FUNCTION = YES;
				GCC_WARN_UNUSED_VARIABLE = YES;
				IPHONEOS_DEPLOYMENT_TARGET = 11.0;
				MTL_ENABLE_DEBUG_INFO = YES;
				ONLY_ACTIVE_ARCH = YES;
				SDKROOT = iphoneos;
				SWIFT_ACTIVE_COMPILATION_CONDITIONS = DEBUG;
				SWIFT_OPTIMIZATION_LEVEL = "-Onone";
			};
			name = Debug;
		};
		FACB1407206CFBF30016A0A9 /* Release */ = {
			isa = XCBuildConfiguration;
			buildSettings = {
				ALWAYS_SEARCH_USER_PATHS = NO;
				CLANG_ANALYZER_NONNULL = YES;
				CLANG_ANALYZER_NUMBER_OBJECT_CONVERSION = YES_AGGRESSIVE;
				CLANG_CXX_LANGUAGE_STANDARD = "gnu++14";
				CLANG_CXX_LIBRARY = "libc++";
				CLANG_ENABLE_MODULES = YES;
				CLANG_ENABLE_OBJC_ARC = YES;
				CLANG_WARN_BLOCK_CAPTURE_AUTORELEASING = YES;
				CLANG_WARN_BOOL_CONVERSION = YES;
				CLANG_WARN_COMMA = YES;
				CLANG_WARN_CONSTANT_CONVERSION = YES;
				CLANG_WARN_DIRECT_OBJC_ISA_USAGE = YES_ERROR;
				CLANG_WARN_DOCUMENTATION_COMMENTS = YES;
				CLANG_WARN_EMPTY_BODY = YES;
				CLANG_WARN_ENUM_CONVERSION = YES;
				CLANG_WARN_INFINITE_RECURSION = YES;
				CLANG_WARN_INT_CONVERSION = YES;
				CLANG_WARN_NON_LITERAL_NULL_CONVERSION = YES;
				CLANG_WARN_OBJC_LITERAL_CONVERSION = YES;
				CLANG_WARN_OBJC_ROOT_CLASS = YES_ERROR;
				CLANG_WARN_RANGE_LOOP_ANALYSIS = YES;
				CLANG_WARN_STRICT_PROTOTYPES = YES;
				CLANG_WARN_SUSPICIOUS_MOVE = YES;
				CLANG_WARN_UNGUARDED_AVAILABILITY = YES_AGGRESSIVE;
				CLANG_WARN_UNREACHABLE_CODE = YES;
				CLANG_WARN__DUPLICATE_METHOD_MATCH = YES;
				CODE_SIGN_IDENTITY = "iPhone Developer";
				COPY_PHASE_STRIP = NO;
				DEBUG_INFORMATION_FORMAT = "dwarf-with-dsym";
				ENABLE_NS_ASSERTIONS = NO;
				ENABLE_STRICT_OBJC_MSGSEND = YES;
				GCC_C_LANGUAGE_STANDARD = gnu11;
				GCC_NO_COMMON_BLOCKS = YES;
				GCC_WARN_64_TO_32_BIT_CONVERSION = YES;
				GCC_WARN_ABOUT_RETURN_TYPE = YES_ERROR;
				GCC_WARN_UNDECLARED_SELECTOR = YES;
				GCC_WARN_UNINITIALIZED_AUTOS = YES_AGGRESSIVE;
				GCC_WARN_UNUSED_FUNCTION = YES;
				GCC_WARN_UNUSED_VARIABLE = YES;
				IPHONEOS_DEPLOYMENT_TARGET = 11.0;
				MTL_ENABLE_DEBUG_INFO = NO;
				SDKROOT = iphoneos;
				SWIFT_OPTIMIZATION_LEVEL = "-Owholemodule";
				VALIDATE_PRODUCT = YES;
			};
			name = Release;
		};
		FACB1409206CFBF30016A0A9 /* Debug */ = {
			isa = XCBuildConfiguration;
			buildSettings = {
				ASSETCATALOG_COMPILER_APPICON_NAME = AppIcon;
				CODE_SIGN_STYLE = Automatic;
				DEVELOPMENT_TEAM = WAHXQH4SC5;
				INFOPLIST_FILE = "IOS-Swift-CoreMotionAccelerometer/Info.plist";
				LD_RUNPATH_SEARCH_PATHS = "$(inherited) @executable_path/Frameworks";
				PRODUCT_BUNDLE_IDENTIFIER = "com.pooya.brain.dev.IOS-Swift-CoreMotionAccelerometer";
				PRODUCT_NAME = "$(TARGET_NAME)";
				SWIFT_VERSION = 4.0;
				TARGETED_DEVICE_FAMILY = "1,2";
			};
			name = Debug;
		};
		FACB140A206CFBF30016A0A9 /* Release */ = {
			isa = XCBuildConfiguration;
			buildSettings = {
				ASSETCATALOG_COMPILER_APPICON_NAME = AppIcon;
				CODE_SIGN_STYLE = Automatic;
				DEVELOPMENT_TEAM = WAHXQH4SC5;
				INFOPLIST_FILE = "IOS-Swift-CoreMotionAccelerometer/Info.plist";
				LD_RUNPATH_SEARCH_PATHS = "$(inherited) @executable_path/Frameworks";
				PRODUCT_BUNDLE_IDENTIFIER = "com.pooya.brain.dev.IOS-Swift-CoreMotionAccelerometer";
				PRODUCT_NAME = "$(TARGET_NAME)";
				SWIFT_VERSION = 4.0;
				TARGETED_DEVICE_FAMILY = "1,2";
			};
			name = Release;
		};
/* End XCBuildConfiguration section */

/* Begin XCConfigurationList section */
		FACB13F1206CFBF30016A0A9 /* Build configuration list for PBXProject "IOS-Swift-CoreMotionAccelerometer" */ = {
			isa = XCConfigurationList;
			buildConfigurations = (
				FACB1406206CFBF30016A0A9 /* Debug */,
				FACB1407206CFBF30016A0A9 /* Release */,
			);
			defaultConfigurationIsVisible = 0;
			defaultConfigurationName = Release;
		};
		FACB1408206CFBF30016A0A9 /* Build configuration list for PBXNativeTarget "IOS-Swift-CoreMotionAccelerometer" */ = {
			isa = XCConfigurationList;
			buildConfigurations = (
				FACB1409206CFBF30016A0A9 /* Debug */,
				FACB140A206CFBF30016A0A9 /* Release */,
			);
			defaultConfigurationIsVisible = 0;
			defaultConfigurationName = Release;
		};
/* End XCConfigurationList section */
	};
	rootObject = FACB13EE206CFBF30016A0A9 /* Project object */;
}
